
Microsoft Visual Studio Solution File, Format Version 12.00
# Visual Studio Version 17
VisualStudioVersion = 17.3.32901.215
MinimumVisualStudioVersion = 10.0.40219.1
Project("{FAE04EC0-301F-11D3-BF4B-00C04F79EFBC}") = "Task management system", "Task management system\Task management system.csproj", "{F9BDD022-0CDB-4B94-B239-A6977B83CA65}"
EndProject
Global
	GlobalSection(SolutionConfigurationPlatforms) = preSolution
		Debug|Any CPU = Debug|Any CPU
		Release|Any CPU = Release|Any CPU
	EndGlobalSection
	GlobalSection(ProjectConfigurationPlatforms) = postSolution
		{F9BDD022-0CDB-4B94-B239-A6977B83CA65}.Debug|Any CPU.ActiveCfg = Debug|Any CPU
		{F9BDD022-0CDB-4B94-B239-A6977B83CA65}.Debug|Any CPU.Build.0 = Debug|Any CPU
		{F9BDD022-0CDB-4B94-B239-A6977B83CA65}.Release|Any CPU.ActiveCfg = Release|Any CPU
		{F9BDD022-0CDB-4B94-B239-A6977B83CA65}.Release|Any CPU.Build.0 = Release|Any CPU
	EndGlobalSection
	GlobalSection(SolutionProperties) = preSolution
		HideSolutionNode = FALSE
	EndGlobalSection
	GlobalSection(ExtensibilityGlobals) = postSolution
		SolutionGuid = {2B9DA47F-D3B7-4C23-ABD6-7C5BC8243765}
	EndGlobalSection
EndGlobal
